Microsoft Visual Studio Solution File, Format Version 12.00
# Visual Studio Version 17
VisualStudioVersion = 17.5.2.0
MinimumVisualStudioVersion = 10.0.40219.1
Project("{FAE04EC0-301F-11D3-BF4B-00C04F79EFBC}") = "program014a-kombinovana-uloha", "program014a-kombinovana-uloha.csproj", "{E27CDE1E-3467-39E8-D028-2275F4FDE849}"
EndProject
Global
	GlobalSection(SolutionConfigurationPlatforms) = preSolution
		Debug|Any CPU = Debug|Any CPU
		Release|Any CPU = Release|Any CPU
	EndGlobalSection
	GlobalSection(ProjectConfigurationPlatforms) = postSolution
		{E27CDE1E-3467-39E8-D028-2275F4FDE849}.Debug|Any CPU.ActiveCfg = Debug|Any CPU
		{E27CDE1E-3467-39E8-D028-2275F4FDE849}.Debug|Any CPU.Build.0 = Debug|Any CPU
		{E27CDE1E-3467-39E8-D028-2275F4FDE849}.Release|Any CPU.ActiveCfg = Release|Any CPU
		{E27CDE1E-3467-39E8-D028-2275F4FDE849}.Release|Any CPU.Build.0 = Release|Any CPU
	EndGlobalSection
	GlobalSection(SolutionProperties) = preSolution
		HideSolutionNode = FALSE
	EndGlobalSection
	GlobalSection(ExtensibilityGlobals) = postSolution
		SolutionGuid = {30DE6DD5-BE7B-4597-8FAF-1D45B1C50DCD}
	EndGlobalSection
EndGlobal
