Microsoft Visual Studio Solution File, Format Version 12.00
# Visual Studio Version 17
VisualStudioVersion = 17.5.2.0
MinimumVisualStudioVersion = 10.0.40219.1
Project("{FAE04EC0-301F-11D3-BF4B-00C04F79EFBC}") = "program008-array-reversing", "program008-array-reversing.csproj", "{CCD58C16-8C95-55E0-2EAF-AAA55E5EF7F4}"
EndProject
Global
	GlobalSection(SolutionConfigurationPlatforms) = preSolution
		Debug|Any CPU = Debug|Any CPU
		Release|Any CPU = Release|Any CPU
	EndGlobalSection
	GlobalSection(ProjectConfigurationPlatforms) = postSolution
		{CCD58C16-8C95-55E0-2EAF-AAA55E5EF7F4}.Debug|Any CPU.ActiveCfg = Debug|Any CPU
		{CCD58C16-8C95-55E0-2EAF-AAA55E5EF7F4}.Debug|Any CPU.Build.0 = Debug|Any CPU
		{CCD58C16-8C95-55E0-2EAF-AAA55E5EF7F4}.Release|Any CPU.ActiveCfg = Release|Any CPU
		{CCD58C16-8C95-55E0-2EAF-AAA55E5EF7F4}.Release|Any CPU.Build.0 = Release|Any CPU
	EndGlobalSection
	GlobalSection(SolutionProperties) = preSolution
		HideSolutionNode = FALSE
	EndGlobalSection
	GlobalSection(ExtensibilityGlobals) = postSolution
		SolutionGuid = {7397B8AF-F8D2-40F6-9929-63885112BD28}
	EndGlobalSection
EndGlobal
