Microsoft Visual Studio Solution File, Format Version 12.00
# Visual Studio Version 17
VisualStudioVersion = 17.5.2.0
MinimumVisualStudioVersion = 10.0.40219.1
Project("{FAE04EC0-301F-11D3-BF4B-00C04F79EFBC}") = "program004b-pravouhly-trojuhelnik", "program004b-pravouhly-trojuhelnik.csproj", "{732DA39C-3A23-27A8-6A96-0AF9ACE6E635}"
EndProject
Global
	GlobalSection(SolutionConfigurationPlatforms) = preSolution
		Debug|Any CPU = Debug|Any CPU
		Release|Any CPU = Release|Any CPU
	EndGlobalSection
	GlobalSection(ProjectConfigurationPlatforms) = postSolution
		{732DA39C-3A23-27A8-6A96-0AF9ACE6E635}.Debug|Any CPU.ActiveCfg = Debug|Any CPU
		{732DA39C-3A23-27A8-6A96-0AF9ACE6E635}.Debug|Any CPU.Build.0 = Debug|Any CPU
		{732DA39C-3A23-27A8-6A96-0AF9ACE6E635}.Release|Any CPU.ActiveCfg = Release|Any CPU
		{732DA39C-3A23-27A8-6A96-0AF9ACE6E635}.Release|Any CPU.Build.0 = Release|Any CPU
	EndGlobalSection
	GlobalSection(SolutionProperties) = preSolution
		HideSolutionNode = FALSE
	EndGlobalSection
	GlobalSection(ExtensibilityGlobals) = postSolution
		SolutionGuid = {A7987237-1142-4651-B259-95EC39EB3BA4}
	EndGlobalSection
EndGlobal
