Microsoft Visual Studio Solution File, Format Version 12.00
# Visual Studio Version 17
VisualStudioVersion = 17.5.2.0
MinimumVisualStudioVersion = 10.0.40219.1
Project("{FAE04EC0-301F-11D3-BF4B-00C04F79EFBC}") = "program007b-bubble-sort", "program007b-bubble-sort.csproj", "{3C005D6E-CA31-FBB7-0B56-B9F6C873CC54}"
EndProject
Global
	GlobalSection(SolutionConfigurationPlatforms) = preSolution
		Debug|Any CPU = Debug|Any CPU
		Release|Any CPU = Release|Any CPU
	EndGlobalSection
	GlobalSection(ProjectConfigurationPlatforms) = postSolution
		{3C005D6E-CA31-FBB7-0B56-B9F6C873CC54}.Debug|Any CPU.ActiveCfg = Debug|Any CPU
		{3C005D6E-CA31-FBB7-0B56-B9F6C873CC54}.Debug|Any CPU.Build.0 = Debug|Any CPU
		{3C005D6E-CA31-FBB7-0B56-B9F6C873CC54}.Release|Any CPU.ActiveCfg = Release|Any CPU
		{3C005D6E-CA31-FBB7-0B56-B9F6C873CC54}.Release|Any CPU.Build.0 = Release|Any CPU
	EndGlobalSection
	GlobalSection(SolutionProperties) = preSolution
		HideSolutionNode = FALSE
	EndGlobalSection
	GlobalSection(ExtensibilityGlobals) = postSolution
		SolutionGuid = {F192E052-E0BF-4B01-B494-DBDAB0173DBB}
	EndGlobalSection
EndGlobal
