Microsoft Visual Studio Solution File, Format Version 12.00
# Visual Studio Version 17
VisualStudioVersion = 17.5.2.0
MinimumVisualStudioVersion = 10.0.40219.1
Project("{FAE04EC0-301F-11D3-BF4B-00C04F79EFBC}") = "program012a_interval", "program012a_interval.csproj", "{17358F90-5E88-B37B-4E20-D3833B58ECA7}"
EndProject
Global
	GlobalSection(SolutionConfigurationPlatforms) = preSolution
		Debug|Any CPU = Debug|Any CPU
		Release|Any CPU = Release|Any CPU
	EndGlobalSection
	GlobalSection(ProjectConfigurationPlatforms) = postSolution
		{17358F90-5E88-B37B-4E20-D3833B58ECA7}.Debug|Any CPU.ActiveCfg = Debug|Any CPU
		{17358F90-5E88-B37B-4E20-D3833B58ECA7}.Debug|Any CPU.Build.0 = Debug|Any CPU
		{17358F90-5E88-B37B-4E20-D3833B58ECA7}.Release|Any CPU.ActiveCfg = Release|Any CPU
		{17358F90-5E88-B37B-4E20-D3833B58ECA7}.Release|Any CPU.Build.0 = Release|Any CPU
	EndGlobalSection
	GlobalSection(SolutionProperties) = preSolution
		HideSolutionNode = FALSE
	EndGlobalSection
	GlobalSection(ExtensibilityGlobals) = postSolution
		SolutionGuid = {AF42B539-A224-439B-B45D-ADDA023B5F71}
	EndGlobalSection
EndGlobal
