Microsoft Visual Studio Solution File, Format Version 12.00
# Visual Studio Version 17
VisualStudioVersion = 17.5.2.0
MinimumVisualStudioVersion = 10.0.40219.1
Project("{FAE04EC0-301F-11D3-BF4B-00C04F79EFBC}") = "program005-generator", "program005-generator.csproj", "{B860AAA0-763E-2A43-DFE4-A55C36C61013}"
EndProject
Global
	GlobalSection(SolutionConfigurationPlatforms) = preSolution
		Debug|Any CPU = Debug|Any CPU
		Release|Any CPU = Release|Any CPU
	EndGlobalSection
	GlobalSection(ProjectConfigurationPlatforms) = postSolution
		{B860AAA0-763E-2A43-DFE4-A55C36C61013}.Debug|Any CPU.ActiveCfg = Debug|Any CPU
		{B860AAA0-763E-2A43-DFE4-A55C36C61013}.Debug|Any CPU.Build.0 = Debug|Any CPU
		{B860AAA0-763E-2A43-DFE4-A55C36C61013}.Release|Any CPU.ActiveCfg = Release|Any CPU
		{B860AAA0-763E-2A43-DFE4-A55C36C61013}.Release|Any CPU.Build.0 = Release|Any CPU
	EndGlobalSection
	GlobalSection(SolutionProperties) = preSolution
		HideSolutionNode = FALSE
	EndGlobalSection
	GlobalSection(ExtensibilityGlobals) = postSolution
		SolutionGuid = {49D14591-BCB8-4CAD-8212-667F4F21DA58}
	EndGlobalSection
EndGlobal
